
Microsoft Visual Studio Solution File, Format Version 12.00
# Visual Studio Version 16
VisualStudioVersion = 16.0.31112.23
MinimumVisualStudioVersion = 10.0.40219.1
Project("{9A19103F-16F7-4668-BE54-9A1E7A4F7556}") = "Stock.Web.Scraper.Service", "Stock.Web.Scraper.Service.csproj", "{56140BB9-B323-471A-B69C-5CDB7346BD85}"
EndProject
Project("{FAE04EC0-301F-11D3-BF4B-00C04F79EFBC}") = "Sotck.Web.Scraper.Service.Tests", "..\Sotck.Web.Scraper.Service.Tests\Sotck.Web.Scraper.Service.Tests.csproj", "{1F64A51F-7CFC-44EA-963D-BB1C4E435FEF}"
EndProject
Global
	GlobalSection(SolutionConfigurationPlatforms) = preSolution
		Debug|Any CPU = Debug|Any CPU
		Release|Any CPU = Release|Any CPU
	EndGlobalSection
	GlobalSection(ProjectConfigurationPlatforms) = postSolution
		{56140BB9-B323-471A-B69C-5CDB7346BD85}.Debug|Any CPU.ActiveCfg = Debug|Any CPU
		{56140BB9-B323-471A-B69C-5CDB7346BD85}.Debug|Any CPU.Build.0 = Debug|Any CPU
		{56140BB9-B323-471A-B69C-5CDB7346BD85}.Release|Any CPU.ActiveCfg = Release|Any CPU
		{56140BB9-B323-471A-B69C-5CDB7346BD85}.Release|Any CPU.Build.0 = Release|Any CPU
		{1F64A51F-7CFC-44EA-963D-BB1C4E435FEF}.Debug|Any CPU.ActiveCfg = Debug|Any CPU
		{1F64A51F-7CFC-44EA-963D-BB1C4E435FEF}.Debug|Any CPU.Build.0 = Debug|Any CPU
		{1F64A51F-7CFC-44EA-963D-BB1C4E435FEF}.Release|Any CPU.ActiveCfg = Release|Any CPU
		{1F64A51F-7CFC-44EA-963D-BB1C4E435FEF}.Release|Any CPU.Build.0 = Release|Any CPU
	EndGlobalSection
	GlobalSection(SolutionProperties) = preSolution
		HideSolutionNode = FALSE
	EndGlobalSection
	GlobalSection(ExtensibilityGlobals) = postSolution
		SolutionGuid = {C227AE61-A46A-4CA9-93F4-FD11F22A639E}
	EndGlobalSection
EndGlobal
