
Microsoft Visual Studio Solution File, Format Version 12.00
# Visual Studio Version 16
VisualStudioVersion = 16.0.31112.23
MinimumVisualStudioVersion = 10.0.40219.1
Project("{9A19103F-16F7-4668-BE54-9A1E7A4F7556}") = "Stock.Web.Scraper.Service", "Stock.Web.Scraper.Service.csproj", "{56140BB9-B323-471A-B69C-5CDB7346BD85}"
EndProject
Project("{9A19103F-16F7-4668-BE54-9A1E7A4F7556}") = "Stock.Web.Scraper.Service.Tests", "..\Stock.Web.Scraper.Service.Tests\Stock.Web.Scraper.Service.Tests.csproj", "{856B2C4D-889B-497C-A7BA-C19B064E7817}"
EndProject
Global
	GlobalSection(SolutionConfigurationPlatforms) = preSolution
		Debug|Any CPU = Debug|Any CPU
		Release|Any CPU = Release|Any CPU
	EndGlobalSection
	GlobalSection(ProjectConfigurationPlatforms) = postSolution
		{56140BB9-B323-471A-B69C-5CDB7346BD85}.Debug|Any CPU.ActiveCfg = Debug|Any CPU
		{56140BB9-B323-471A-B69C-5CDB7346BD85}.Debug|Any CPU.Build.0 = Debug|Any CPU
		{56140BB9-B323-471A-B69C-5CDB7346BD85}.Release|Any CPU.ActiveCfg = Release|Any CPU
		{56140BB9-B323-471A-B69C-5CDB7346BD85}.Release|Any CPU.Build.0 = Release|Any CPU
		{856B2C4D-889B-497C-A7BA-C19B064E7817}.Debug|Any CPU.ActiveCfg = Debug|Any CPU
		{856B2C4D-889B-497C-A7BA-C19B064E7817}.Debug|Any CPU.Build.0 = Debug|Any CPU
		{856B2C4D-889B-497C-A7BA-C19B064E7817}.Release|Any CPU.ActiveCfg = Release|Any CPU
		{856B2C4D-889B-497C-A7BA-C19B064E7817}.Release|Any CPU.Build.0 = Release|Any CPU
	EndGlobalSection
	GlobalSection(SolutionProperties) = preSolution
		HideSolutionNode = FALSE
	EndGlobalSection
	GlobalSection(ExtensibilityGlobals) = postSolution
		SolutionGuid = {C227AE61-A46A-4CA9-93F4-FD11F22A639E}
	EndGlobalSection
EndGlobal
